// !$*UTF8*$!
{
	archiveVersion = 1;
	classes = {
	};
	objectVersion = 56;
	objects = {

/* Begin PBXBuildFile section */
		100000000000000000000001 /* FishAudioClient.swift in Sources */ = {isa = PBXBuildFile; fileRef = 200000000000000000000001 /* FishAudioClient.swift */; };
		100000000000000000000002 /* MsgpackEncoder.swift in Sources */ = {isa = PBXBuildFile; fileRef = 200000000000000000000002 /* MsgpackEncoder.swift */; };
		100000000000000000000003 /* KeychainService.swift in Sources */ = {isa = PBXBuildFile; fileRef = 200000000000000000000003 /* KeychainService.swift */; };
		100000000000000000000004 /* VoicePreset.swift in Sources */ = {isa = PBXBuildFile; fileRef = 200000000000000000000004 /* VoicePreset.swift */; };
		100000000000000000000005 /* LiveFishTTSiOSApp.swift in Sources */ = {isa = PBXBuildFile; fileRef = 200000000000000000000005 /* LiveFishTTSiOSApp.swift */; };
		100000000000000000000006 /* iOSSettingsStore.swift in Sources */ = {isa = PBXBuildFile; fileRef = 200000000000000000000006 /* iOSSettingsStore.swift */; };
		100000000000000000000007 /* iOSAudioPlaybackService.swift in Sources */ = {isa = PBXBuildFile; fileRef = 200000000000000000000007 /* iOSAudioPlaybackService.swift */; };
		100000000000000000000008 /* iOSSpeechQueueManager.swift in Sources */ = {isa = PBXBuildFile; fileRef = 200000000000000000000008 /* iOSSpeechQueueManager.swift */; };
		100000000000000000000009 /* iOSContentView.swift in Sources */ = {isa = PBXBuildFile; fileRef = 200000000000000000000009 /* iOSContentView.swift */; };
		100000000000000000000010 /* iOSSettingsView.swift in Sources */ = {isa = PBXBuildFile; fileRef = 200000000000000000000010 /* iOSSettingsView.swift */; };
		100000000000000000000011 /* iOSSubmitTextView.swift in Sources */ = {isa = PBXBuildFile; fileRef = 200000000000000000000012 /* iOSSubmitTextView.swift */; };
		100000000000000000000012 /* iOSLucyTheme.swift in Sources */ = {isa = PBXBuildFile; fileRef = 200000000000000000000013 /* iOSLucyTheme.swift */; };
		100000000000000000000013 /* Assets.xcassets in Resources */ = {isa = PBXBuildFile; fileRef = 200000000000000000000014 /* Assets.xcassets */; };
		100000000000000000000014 /* PhrasePresetCatalog.swift in Sources */ = {isa = PBXBuildFile; fileRef = 200000000000000000000015 /* PhrasePresetCatalog.swift */; };
/* End PBXBuildFile section */

/* Begin PBXFileReference section */
		200000000000000000000001 /* FishAudioClient.swift */ = {isa = PBXFileReference; lastKnownFileType = sourcecode.swift; path = Sources/LiveFishTTS/API/FishAudioClient.swift; sourceTree = "<group>"; };
		200000000000000000000002 /* MsgpackEncoder.swift */ = {isa = PBXFileReference; lastKnownFileType = sourcecode.swift; path = Sources/LiveFishTTS/API/MsgpackEncoder.swift; sourceTree = "<group>"; };
		200000000000000000000003 /* KeychainService.swift */ = {isa = PBXFileReference; lastKnownFileType = sourcecode.swift; path = Sources/LiveFishTTS/Settings/KeychainService.swift; sourceTree = "<group>"; };
		200000000000000000000004 /* VoicePreset.swift */ = {isa = PBXFileReference; lastKnownFileType = sourcecode.swift; path = Sources/LiveFishTTS/Settings/VoicePreset.swift; sourceTree = "<group>"; };
		200000000000000000000005 /* LiveFishTTSiOSApp.swift */ = {isa = PBXFileReference; lastKnownFileType = sourcecode.swift; path = Sources/LiveFishTTSiOS/LiveFishTTSiOSApp.swift; sourceTree = "<group>"; };
		200000000000000000000006 /* iOSSettingsStore.swift */ = {isa = PBXFileReference; lastKnownFileType = sourcecode.swift; path = Sources/LiveFishTTSiOS/iOSSettingsStore.swift; sourceTree = "<group>"; };
		200000000000000000000007 /* iOSAudioPlaybackService.swift */ = {isa = PBXFileReference; lastKnownFileType = sourcecode.swift; path = Sources/LiveFishTTSiOS/iOSAudioPlaybackService.swift; sourceTree = "<group>"; };
		200000000000000000000008 /* iOSSpeechQueueManager.swift */ = {isa = PBXFileReference; lastKnownFileType = sourcecode.swift; path = Sources/LiveFishTTSiOS/iOSSpeechQueueManager.swift; sourceTree = "<group>"; };
		200000000000000000000009 /* iOSContentView.swift */ = {isa = PBXFileReference; lastKnownFileType = sourcecode.swift; path = Sources/LiveFishTTSiOS/iOSContentView.swift; sourceTree = "<group>"; };
		200000000000000000000010 /* iOSSettingsView.swift */ = {isa = PBXFileReference; lastKnownFileType = sourcecode.swift; path = Sources/LiveFishTTSiOS/iOSSettingsView.swift; sourceTree = "<group>"; };
		200000000000000000000011 /* LiveFishTTSiOS.app */ = {isa = PBXFileReference; explicitFileType = wrapper.application; includeInIndex = 0; path = LiveFishTTSiOS.app; sourceTree = BUILT_PRODUCTS_DIR; };
		200000000000000000000012 /* iOSSubmitTextView.swift */ = {isa = PBXFileReference; lastKnownFileType = sourcecode.swift; path = Sources/LiveFishTTSiOS/iOSSubmitTextView.swift; sourceTree = "<group>"; };
		200000000000000000000013 /* iOSLucyTheme.swift */ = {isa = PBXFileReference; lastKnownFileType = sourcecode.swift; path = Sources/LiveFishTTSiOS/iOSLucyTheme.swift; sourceTree = "<group>"; };
		200000000000000000000014 /* Assets.xcassets */ = {isa = PBXFileReference; lastKnownFileType = folder.assetcatalog; path = Sources/LiveFishTTSiOS/Assets.xcassets; sourceTree = "<group>"; };
		200000000000000000000015 /* PhrasePresetCatalog.swift */ = {isa = PBXFileReference; lastKnownFileType = sourcecode.swift; path = Sources/LiveFishTTS/Phrases/PhrasePresetCatalog.swift; sourceTree = "<group>"; };
/* End PBXFileReference section */

/* Begin PBXFrameworksBuildPhase section */
		300000000000000000000001 /* Frameworks */ = {
			isa = PBXFrameworksBuildPhase;
			buildActionMask = 2147483647;
			files = (
			);
			runOnlyForDeploymentPostprocessing = 0;
		};
/* End PBXFrameworksBuildPhase section */

/* Begin PBXGroup section */
		400000000000000000000001 = {
			isa = PBXGroup;
			children = (
				400000000000000000000002 /* Shared */,
				400000000000000000000003 /* iPhone App */,
				400000000000000000000004 /* Products */,
			);
			sourceTree = "<group>";
		};
		400000000000000000000002 /* Shared */ = {
			isa = PBXGroup;
			children = (
				200000000000000000000001 /* FishAudioClient.swift */,
				200000000000000000000002 /* MsgpackEncoder.swift */,
				200000000000000000000003 /* KeychainService.swift */,
				200000000000000000000004 /* VoicePreset.swift */,
				200000000000000000000015 /* PhrasePresetCatalog.swift */,
			);
			name = Shared;
			sourceTree = "<group>";
		};
		400000000000000000000003 /* iPhone App */ = {
			isa = PBXGroup;
			children = (
				200000000000000000000005 /* LiveFishTTSiOSApp.swift */,
				200000000000000000000006 /* iOSSettingsStore.swift */,
				200000000000000000000007 /* iOSAudioPlaybackService.swift */,
				200000000000000000000008 /* iOSSpeechQueueManager.swift */,
				200000000000000000000009 /* iOSContentView.swift */,
				200000000000000000000012 /* iOSSubmitTextView.swift */,
				200000000000000000000010 /* iOSSettingsView.swift */,
				200000000000000000000013 /* iOSLucyTheme.swift */,
				200000000000000000000014 /* Assets.xcassets */,
			);
			name = "iPhone App";
			sourceTree = "<group>";
		};
		400000000000000000000004 /* Products */ = {
			isa = PBXGroup;
			children = (
				200000000000000000000011 /* LiveFishTTSiOS.app */,
			);
			name = Products;
			sourceTree = "<group>";
		};
/* End PBXGroup section */

/* Begin PBXNativeTarget section */
		500000000000000000000001 /* LiveFishTTSiOS */ = {
			isa = PBXNativeTarget;
			buildConfigurationList = 900000000000000000000002 /* Build configuration list for PBXNativeTarget "LiveFishTTSiOS" */;
			buildPhases = (
				600000000000000000000001 /* Sources */,
				300000000000000000000001 /* Frameworks */,
				600000000000000000000002 /* Resources */,
			);
			buildRules = (
			);
			dependencies = (
			);
			name = LiveFishTTSiOS;
			productName = LiveFishTTSiOS;
			productReference = 200000000000000000000011 /* LiveFishTTSiOS.app */;
			productType = "com.apple.product-type.application";
		};
/* End PBXNativeTarget section */

/* Begin PBXProject section */
		700000000000000000000001 /* Project object */ = {
			isa = PBXProject;
			attributes = {
				BuildIndependentTargetsInParallel = 1;
				LastSwiftUpdateCheck = 1600;
				LastUpgradeCheck = 1600;
				TargetAttributes = {
					500000000000000000000001 = {
						CreatedOnToolsVersion = 16.0;
						ProvisioningStyle = Automatic;
					};
				};
			};
			buildConfigurationList = 900000000000000000000001 /* Build configuration list for PBXProject "LiveFishTTS" */;
			compatibilityVersion = "Xcode 14.0";
			developmentRegion = en;
			hasScannedForEncodings = 0;
			knownRegions = (
				en,
				Base,
			);
			mainGroup = 400000000000000000000001;
			productRefGroup = 400000000000000000000004 /* Products */;
			projectDirPath = "";
			projectRoot = "";
			targets = (
				500000000000000000000001 /* LiveFishTTSiOS */,
			);
		};
/* End PBXProject section */

/* Begin PBXResourcesBuildPhase section */
		600000000000000000000002 /* Resources */ = {
			isa = PBXResourcesBuildPhase;
			buildActionMask = 2147483647;
			files = (
				100000000000000000000013 /* Assets.xcassets in Resources */,
			);
			runOnlyForDeploymentPostprocessing = 0;
		};
/* End PBXResourcesBuildPhase section */

/* Begin PBXSourcesBuildPhase section */
		600000000000000000000001 /* Sources */ = {
			isa = PBXSourcesBuildPhase;
			buildActionMask = 2147483647;
			files = (
				100000000000000000000001 /* FishAudioClient.swift in Sources */,
				100000000000000000000002 /* MsgpackEncoder.swift in Sources */,
				100000000000000000000003 /* KeychainService.swift in Sources */,
				100000000000000000000004 /* VoicePreset.swift in Sources */,
				100000000000000000000005 /* LiveFishTTSiOSApp.swift in Sources */,
				100000000000000000000006 /* iOSSettingsStore.swift in Sources */,
				100000000000000000000007 /* iOSAudioPlaybackService.swift in Sources */,
				100000000000000000000008 /* iOSSpeechQueueManager.swift in Sources */,
				100000000000000000000009 /* iOSContentView.swift in Sources */,
				100000000000000000000011 /* iOSSubmitTextView.swift in Sources */,
				100000000000000000000010 /* iOSSettingsView.swift in Sources */,
				100000000000000000000012 /* iOSLucyTheme.swift in Sources */,
				100000000000000000000014 /* PhrasePresetCatalog.swift in Sources */,
			);
			runOnlyForDeploymentPostprocessing = 0;
		};
/* End PBXSourcesBuildPhase section */

/* Begin XCBuildConfiguration section */
		800000000000000000000001 /* Debug */ = {
			isa = XCBuildConfiguration;
			buildSettings = {
				ALWAYS_SEARCH_USER_PATHS = NO;
				CLANG_ANALYZER_NONNULL = YES;
				CLANG_ANALYZER_NUMBER_OBJECT_CONVERSION = YES_AGGRESSIVE;
				CLANG_CXX_LANGUAGE_STANDARD = "gnu++20";
				CLANG_ENABLE_MODULES = YES;
				CLANG_ENABLE_OBJC_ARC = YES;
				CLANG_ENABLE_OBJC_WEAK = YES;
				CLANG_WARN_BLOCK_CAPTURE_AUTORELEASING = YES;
				CLANG_WARN_BOOL_CONVERSION = YES;
				CLANG_WARN_COMMA = YES;
				CLANG_WARN_CONSTANT_CONVERSION = YES;
				CLANG_WARN_DEPRECATED_OBJC_IMPLEMENTATIONS = YES;
				CLANG_WARN_DIRECT_OBJC_ISA_USAGE = YES_ERROR;
				CLANG_WARN_DOCUMENTATION_COMMENTS = YES;
				CLANG_WARN_EMPTY_BODY = YES;
				CLANG_WARN_ENUM_CONVERSION = YES;
				CLANG_WARN_INFINITE_RECURSION = YES;
				CLANG_WARN_INT_CONVERSION = YES;
				CLANG_WARN_NON_LITERAL_NULL_CONVERSION = YES;
				CLANG_WARN_OBJC_IMPLICIT_RETAIN_SELF = YES;
				CLANG_WARN_OBJC_LITERAL_CONVERSION = YES;
				CLANG_WARN_OBJC_ROOT_CLASS = YES_ERROR;
				CLANG_WARN_QUOTED_INCLUDE_IN_FRAMEWORK_HEADER = YES;
				CLANG_WARN_RANGE_LOOP_ANALYSIS = YES;
				CLANG_WARN_STRICT_PROTOTYPES = YES;
				CLANG_WARN_SUSPICIOUS_MOVE = YES;
				CLANG_WARN_UNGUARDED_AVAILABILITY = YES_AGGRESSIVE;
				CLANG_WARN_UNREACHABLE_CODE = YES;
				CLANG_WARN__DUPLICATE_METHOD_MATCH = YES;
				COPY_PHASE_STRIP = NO;
				DEBUG_INFORMATION_FORMAT = dwarf;
				ENABLE_STRICT_OBJC_MSGSEND = YES;
				ENABLE_TESTABILITY = YES;
				ENABLE_USER_SCRIPT_SANDBOXING = YES;
				GCC_C_LANGUAGE_STANDARD = gnu17;
				GCC_DYNAMIC_NO_PIC = NO;
				GCC_NO_COMMON_BLOCKS = YES;
				GCC_OPTIMIZATION_LEVEL = 0;
				GCC_PREPROCESSOR_DEFINITIONS = (
					"DEBUG=1",
					"$(inherited)",
				);
				GCC_WARN_64_TO_32_BIT_CONVERSION = YES;
				GCC_WARN_ABOUT_RETURN_TYPE = YES_ERROR;
				GCC_WARN_UNDECLARED_SELECTOR = YES;
				GCC_WARN_UNINITIALIZED_AUTOS = YES_AGGRESSIVE;
				GCC_WARN_UNUSED_FUNCTION = YES;
				GCC_WARN_UNUSED_VARIABLE = YES;
				IPHONEOS_DEPLOYMENT_TARGET = 16.0;
				MTL_ENABLE_DEBUG_INFO = INCLUDE_SOURCE;
				MTL_FAST_MATH = YES;
				ONLY_ACTIVE_ARCH = YES;
				SDKROOT = iphoneos;
				SWIFT_ACTIVE_COMPILATION_CONDITIONS = DEBUG;
				SWIFT_OPTIMIZATION_LEVEL = "-Onone";
			};
			name = Debug;
		};
		800000000000000000000002 /* Release */ = {
			isa = XCBuildConfiguration;
			buildSettings = {
				ALWAYS_SEARCH_USER_PATHS = NO;
				CLANG_ANALYZER_NONNULL = YES;
				CLANG_ANALYZER_NUMBER_OBJECT_CONVERSION = YES_AGGRESSIVE;
				CLANG_CXX_LANGUAGE_STANDARD = "gnu++20";
				CLANG_ENABLE_MODULES = YES;
				CLANG_ENABLE_OBJC_ARC = YES;
				CLANG_ENABLE_OBJC_WEAK = YES;
				CLANG_WARN_BLOCK_CAPTURE_AUTORELEASING = YES;
				CLANG_WARN_BOOL_CONVERSION = YES;
				CLANG_WARN_COMMA = YES;
				CLANG_WARN_CONSTANT_CONVERSION = YES;
				CLANG_WARN_DEPRECATED_OBJC_IMPLEMENTATIONS = YES;
				CLANG_WARN_DIRECT_OBJC_ISA_USAGE = YES_ERROR;
				CLANG_WARN_DOCUMENTATION_COMMENTS = YES;
				CLANG_WARN_EMPTY_BODY = YES;
				CLANG_WARN_ENUM_CONVERSION = YES;
				CLANG_WARN_INFINITE_RECURSION = YES;
				CLANG_WARN_INT_CONVERSION = YES;
				CLANG_WARN_NON_LITERAL_NULL_CONVERSION = YES;
				CLANG_WARN_OBJC_IMPLICIT_RETAIN_SELF = YES;
				CLANG_WARN_OBJC_LITERAL_CONVERSION = YES;
				CLANG_WARN_OBJC_ROOT_CLASS = YES_ERROR;
				CLANG_WARN_QUOTED_INCLUDE_IN_FRAMEWORK_HEADER = YES;
				CLANG_WARN_RANGE_LOOP_ANALYSIS = YES;
				CLANG_WARN_STRICT_PROTOTYPES = YES;
				CLANG_WARN_SUSPICIOUS_MOVE = YES;
				CLANG_WARN_UNGUARDED_AVAILABILITY = YES_AGGRESSIVE;
				CLANG_WARN_UNREACHABLE_CODE = YES;
				CLANG_WARN__DUPLICATE_METHOD_MATCH = YES;
				COPY_PHASE_STRIP = NO;
				DEBUG_INFORMATION_FORMAT = "dwarf-with-dsym";
				ENABLE_NS_ASSERTIONS = NO;
				ENABLE_STRICT_OBJC_MSGSEND = YES;
				ENABLE_USER_SCRIPT_SANDBOXING = YES;
				GCC_C_LANGUAGE_STANDARD = gnu17;
				GCC_NO_COMMON_BLOCKS = YES;
				GCC_WARN_64_TO_32_BIT_CONVERSION = YES;
				GCC_WARN_ABOUT_RETURN_TYPE = YES_ERROR;
				GCC_WARN_UNDECLARED_SELECTOR = YES;
				GCC_WARN_UNINITIALIZED_AUTOS = YES_AGGRESSIVE;
				GCC_WARN_UNUSED_FUNCTION = YES;
				GCC_WARN_UNUSED_VARIABLE = YES;
				IPHONEOS_DEPLOYMENT_TARGET = 16.0;
				MTL_ENABLE_DEBUG_INFO = NO;
				MTL_FAST_MATH = YES;
				SDKROOT = iphoneos;
				SWIFT_COMPILATION_MODE = wholemodule;
				SWIFT_OPTIMIZATION_LEVEL = "-O";
				VALIDATE_PRODUCT = YES;
			};
			name = Release;
		};
		800000000000000000000003 /* Debug */ = {
			isa = XCBuildConfiguration;
			buildSettings = {
					ASSETCATALOG_COMPILER_GLOBAL_ACCENT_COLOR_NAME = AccentColor;
					ASSETCATALOG_COMPILER_APPICON_NAME = AppIcon;
					CODE_SIGN_STYLE = Automatic;
				CURRENT_PROJECT_VERSION = 1;
				DEVELOPMENT_TEAM = HF2UXG9795;
				GENERATE_INFOPLIST_FILE = YES;
				INFOPLIST_KEY_CFBundleDisplayName = "Lucy TTS";
				INFOPLIST_KEY_LSApplicationCategoryType = "public.app-category.utilities";
				INFOPLIST_KEY_UILaunchScreen_Generation = YES;
				INFOPLIST_KEY_UISupportedInterfaceOrientations = "UIInterfaceOrientationPortrait UIInterfaceOrientationLandscapeLeft UIInterfaceOrientationLandscapeRight";
				INFOPLIST_KEY_UISupportedInterfaceOrientations_iPad = "UIInterfaceOrientationPortrait UIInterfaceOrientationPortraitUpsideDown UIInterfaceOrientationLandscapeLeft UIInterfaceOrientationLandscapeRight";
				IPHONEOS_DEPLOYMENT_TARGET = 16.0;
				LD_RUNPATH_SEARCH_PATHS = (
					"$(inherited)",
					"@executable_path/Frameworks",
				);
				MARKETING_VERSION = 0.2.0;
				PRODUCT_BUNDLE_IDENTIFIER = com.lucianchapar.LiveFishTTS.dev;
				PRODUCT_NAME = "$(TARGET_NAME)";
				SUPPORTED_DESTINATIONS = "iphoneos iphonesimulator";
				SUPPORTED_PLATFORMS = "iphoneos iphonesimulator";
				SUPPORTS_MACCATALYST = NO;
				SUPPORTS_MAC_DESIGNED_FOR_IPHONE_IPAD = YES;
				SWIFT_EMIT_LOC_STRINGS = YES;
				SWIFT_VERSION = 5.0;
				TARGETED_DEVICE_FAMILY = "1,2";
			};
			name = Debug;
		};
		800000000000000000000004 /* Release */ = {
			isa = XCBuildConfiguration;
			buildSettings = {
					ASSETCATALOG_COMPILER_GLOBAL_ACCENT_COLOR_NAME = AccentColor;
					ASSETCATALOG_COMPILER_APPICON_NAME = AppIcon;
					CODE_SIGN_STYLE = Automatic;
				CURRENT_PROJECT_VERSION = 1;
				DEVELOPMENT_TEAM = HF2UXG9795;
				GENERATE_INFOPLIST_FILE = YES;
				INFOPLIST_KEY_CFBundleDisplayName = "Lucy TTS";
				INFOPLIST_KEY_LSApplicationCategoryType = "public.app-category.utilities";
				INFOPLIST_KEY_UILaunchScreen_Generation = YES;
				INFOPLIST_KEY_UISupportedInterfaceOrientations = "UIInterfaceOrientationPortrait UIInterfaceOrientationLandscapeLeft UIInterfaceOrientationLandscapeRight";
				INFOPLIST_KEY_UISupportedInterfaceOrientations_iPad = "UIInterfaceOrientationPortrait UIInterfaceOrientationPortraitUpsideDown UIInterfaceOrientationLandscapeLeft UIInterfaceOrientationLandscapeRight";
				IPHONEOS_DEPLOYMENT_TARGET = 16.0;
				LD_RUNPATH_SEARCH_PATHS = (
					"$(inherited)",
					"@executable_path/Frameworks",
				);
				MARKETING_VERSION = 0.2.0;
				PRODUCT_BUNDLE_IDENTIFIER = com.lucianchapar.LiveFishTTS.dev;
				PRODUCT_NAME = "$(TARGET_NAME)";
				SUPPORTED_DESTINATIONS = "iphoneos iphonesimulator";
				SUPPORTED_PLATFORMS = "iphoneos iphonesimulator";
				SUPPORTS_MACCATALYST = NO;
				SUPPORTS_MAC_DESIGNED_FOR_IPHONE_IPAD = YES;
				SWIFT_EMIT_LOC_STRINGS = YES;
				SWIFT_VERSION = 5.0;
				TARGETED_DEVICE_FAMILY = "1,2";
			};
			name = Release;
		};
/* End XCBuildConfiguration section */

/* Begin XCConfigurationList section */
		900000000000000000000001 /* Build configuration list for PBXProject "LiveFishTTS" */ = {
			isa = XCConfigurationList;
			buildConfigurations = (
				800000000000000000000001 /* Debug */,
				800000000000000000000002 /* Release */,
			);
			defaultConfigurationIsVisible = 0;
			defaultConfigurationName = Release;
		};
		900000000000000000000002 /* Build configuration list for PBXNativeTarget "LiveFishTTSiOS" */ = {
			isa = XCConfigurationList;
			buildConfigurations = (
				800000000000000000000003 /* Debug */,
				800000000000000000000004 /* Release */,
			);
			defaultConfigurationIsVisible = 0;
			defaultConfigurationName = Release;
		};
/* End XCConfigurationList section */
	};
	rootObject = 700000000000000000000001 /* Project object */;
}
